
Microsoft Visual Studio Solution File, Format Version 12.00
# Visual Studio 15
VisualStudioVersion = 15.0.27703.2047
MinimumVisualStudioVersion = 10.0.40219.1
Project("{8BC9CEB8-8B4A-11D0-8D11-00A0C91BC942}") = "Exemplo1", "Exemplo1\Exemplo1.vcxproj", "{0EBCA802-6523-48CF-9117-51A650CD44B7}"
EndProject
Project("{8BC9CEB8-8B4A-11D0-8D11-00A0C91BC942}") = "Exemplo2", "Exemplo2\Exemplo2.vcxproj", "{282FB98B-531A-445D-ABA2-F61355ED9A58}"
EndProject
Project("{8BC9CEB8-8B4A-11D0-8D11-00A0C91BC942}") = "Exemplo3", "Exemplo3\Exemplo3.vcxproj", "{41483592-B008-4DE2-A7EB-5742FB112154}"
EndProject
Project("{8BC9CEB8-8B4A-11D0-8D11-00A0C91BC942}") = "Exemplo4", "Exemplo4\Exemplo4.vcxproj", "{2E3D7B46-DE63-4328-8F0C-94D3DCFC34F3}"
EndProject
Project("{8BC9CEB8-8B4A-11D0-8D11-00A0C91BC942}") = "Exemplo5", "Exemplo5\Exemplo5.vcxproj", "{D29F33EE-9824-4508-978F-9C078543E10E}"
EndProject
Project("{8BC9CEB8-8B4A-11D0-8D11-00A0C91BC942}") = "ExercicioDoisTriangulosPart1", "ExercicioDoisTriangulosPart1\ExercicioDoisTriangulosPart1.vcxproj", "{D2248C29-85CF-4C6B-92E4-65DFDC32CF41}"
EndProject
Project("{8BC9CEB8-8B4A-11D0-8D11-00A0C91BC942}") = "ExercicioDoisTriangulosPart2", "ExercicioDoisTriangulosPart2\ExercicioDoisTriangulosPart2.vcxproj", "{E712A155-A0F6-43E9-B880-319CF7617137}"
EndProject
Project("{8BC9CEB8-8B4A-11D0-8D11-00A0C91BC942}") = "ScreenSaver", "ScreenSaver\ScreenSaver.vcxproj", "{4F593A15-BDA3-441E-9C6D-7DFFC41978C8}"
EndProject
Project("{8BC9CEB8-8B4A-11D0-8D11-00A0C91BC942}") = "Cubo", "Cubo\Cubo.vcxproj", "{AA501AB0-9CA7-4191-8AEE-47E23C77A35F}"
EndProject
Project("{8BC9CEB8-8B4A-11D0-8D11-00A0C91BC942}") = "Exemplo6", "Exemplo6\Exemplo6.vcxproj", "{782EB4DE-17BB-403C-892E-16E566722E48}"
EndProject
Global
	GlobalSection(SolutionConfigurationPlatforms) = preSolution
		Debug|x64 = Debug|x64
		Debug|x86 = Debug|x86
		Release|x64 = Release|x64
		Release|x86 = Release|x86
	EndGlobalSection
	GlobalSection(ProjectConfigurationPlatforms) = postSolution
		{0EBCA802-6523-48CF-9117-51A650CD44B7}.Debug|x64.ActiveCfg = Debug|x64
		{0EBCA802-6523-48CF-9117-51A650CD44B7}.Debug|x64.Build.0 = Debug|x64
		{0EBCA802-6523-48CF-9117-51A650CD44B7}.Debug|x86.ActiveCfg = Debug|Win32
		{0EBCA802-6523-48CF-9117-51A650CD44B7}.Debug|x86.Build.0 = Debug|Win32
		{0EBCA802-6523-48CF-9117-51A650CD44B7}.Release|x64.ActiveCfg = Release|x64
		{0EBCA802-6523-48CF-9117-51A650CD44B7}.Release|x64.Build.0 = Release|x64
		{0EBCA802-6523-48CF-9117-51A650CD44B7}.Release|x86.ActiveCfg = Release|Win32
		{0EBCA802-6523-48CF-9117-51A650CD44B7}.Release|x86.Build.0 = Release|Win32
		{282FB98B-531A-445D-ABA2-F61355ED9A58}.Debug|x64.ActiveCfg = Debug|x64
		{282FB98B-531A-445D-ABA2-F61355ED9A58}.Debug|x64.Build.0 = Debug|x64
		{282FB98B-531A-445D-ABA2-F61355ED9A58}.Debug|x86.ActiveCfg = Debug|Win32
		{282FB98B-531A-445D-ABA2-F61355ED9A58}.Debug|x86.Build.0 = Debug|Win32
		{282FB98B-531A-445D-ABA2-F61355ED9A58}.Release|x64.ActiveCfg = Release|x64
		{282FB98B-531A-445D-ABA2-F61355ED9A58}.Release|x64.Build.0 = Release|x64
		{282FB98B-531A-445D-ABA2-F61355ED9A58}.Release|x86.ActiveCfg = Release|Win32
		{282FB98B-531A-445D-ABA2-F61355ED9A58}.Release|x86.Build.0 = Release|Win32
		{41483592-B008-4DE2-A7EB-5742FB112154}.Debug|x64.ActiveCfg = Debug|x64
		{41483592-B008-4DE2-A7EB-5742FB112154}.Debug|x64.Build.0 = Debug|x64
		{41483592-B008-4DE2-A7EB-5742FB112154}.Debug|x86.ActiveCfg = Debug|Win32
		{41483592-B008-4DE2-A7EB-5742FB112154}.Debug|x86.Build.0 = Debug|Win32
		{41483592-B008-4DE2-A7EB-5742FB112154}.Release|x64.ActiveCfg = Release|x64
		{41483592-B008-4DE2-A7EB-5742FB112154}.Release|x64.Build.0 = Release|x64
		{41483592-B008-4DE2-A7EB-5742FB112154}.Release|x86.ActiveCfg = Release|Win32
		{41483592-B008-4DE2-A7EB-5742FB112154}.Release|x86.Build.0 = Release|Win32
		{2E3D7B46-DE63-4328-8F0C-94D3DCFC34F3}.Debug|x64.ActiveCfg = Debug|x64
		{2E3D7B46-DE63-4328-8F0C-94D3DCFC34F3}.Debug|x64.Build.0 = Debug|x64
		{2E3D7B46-DE63-4328-8F0C-94D3DCFC34F3}.Debug|x86.ActiveCfg = Debug|Win32
		{2E3D7B46-DE63-4328-8F0C-94D3DCFC34F3}.Debug|x86.Build.0 = Debug|Win32
		{2E3D7B46-DE63-4328-8F0C-94D3DCFC34F3}.Release|x64.ActiveCfg = Release|x64
		{2E3D7B46-DE63-4328-8F0C-94D3DCFC34F3}.Release|x64.Build.0 = Release|x64
		{2E3D7B46-DE63-4328-8F0C-94D3DCFC34F3}.Release|x86.ActiveCfg = Release|Win32
		{2E3D7B46-DE63-4328-8F0C-94D3DCFC34F3}.Release|x86.Build.0 = Release|Win32
		{D29F33EE-9824-4508-978F-9C078543E10E}.Debug|x64.ActiveCfg = Debug|x64
		{D29F33EE-9824-4508-978F-9C078543E10E}.Debug|x64.Build.0 = Debug|x64
		{D29F33EE-9824-4508-978F-9C078543E10E}.Debug|x86.ActiveCfg = Debug|Win32
		{D29F33EE-9824-4508-978F-9C078543E10E}.Debug|x86.Build.0 = Debug|Win32
		{D29F33EE-9824-4508-978F-9C078543E10E}.Release|x64.ActiveCfg = Release|x64
		{D29F33EE-9824-4508-978F-9C078543E10E}.Release|x64.Build.0 = Release|x64
		{D29F33EE-9824-4508-978F-9C078543E10E}.Release|x86.ActiveCfg = Release|Win32
		{D29F33EE-9824-4508-978F-9C078543E10E}.Release|x86.Build.0 = Release|Win32
		{D2248C29-85CF-4C6B-92E4-65DFDC32CF41}.Debug|x64.ActiveCfg = Debug|x64
		{D2248C29-85CF-4C6B-92E4-65DFDC32CF41}.Debug|x64.Build.0 = Debug|x64
		{D2248C29-85CF-4C6B-92E4-65DFDC32CF41}.Debug|x86.ActiveCfg = Debug|Win32
		{D2248C29-85CF-4C6B-92E4-65DFDC32CF41}.Debug|x86.Build.0 = Debug|Win32
		{D2248C29-85CF-4C6B-92E4-65DFDC32CF41}.Release|x64.ActiveCfg = Release|x64
		{D2248C29-85CF-4C6B-92E4-65DFDC32CF41}.Release|x64.Build.0 = Release|x64
		{D2248C29-85CF-4C6B-92E4-65DFDC32CF41}.Release|x86.ActiveCfg = Release|Win32
		{D2248C29-85CF-4C6B-92E4-65DFDC32CF41}.Release|x86.Build.0 = Release|Win32
		{E712A155-A0F6-43E9-B880-319CF7617137}.Debug|x64.ActiveCfg = Debug|x64
		{E712A155-A0F6-43E9-B880-319CF7617137}.Debug|x64.Build.0 = Debug|x64
		{E712A155-A0F6-43E9-B880-319CF7617137}.Debug|x86.ActiveCfg = Debug|Win32
		{E712A155-A0F6-43E9-B880-319CF7617137}.Debug|x86.Build.0 = Debug|Win32
		{E712A155-A0F6-43E9-B880-319CF7617137}.Release|x64.ActiveCfg = Release|x64
		{E712A155-A0F6-43E9-B880-319CF7617137}.Release|x64.Build.0 = Release|x64
		{E712A155-A0F6-43E9-B880-319CF7617137}.Release|x86.ActiveCfg = Release|Win32
		{E712A155-A0F6-43E9-B880-319CF7617137}.Release|x86.Build.0 = Release|Win32
		{4F593A15-BDA3-441E-9C6D-7DFFC41978C8}.Debug|x64.ActiveCfg = Debug|x64
		{4F593A15-BDA3-441E-9C6D-7DFFC41978C8}.Debug|x64.Build.0 = Debug|x64
		{4F593A15-BDA3-441E-9C6D-7DFFC41978C8}.Debug|x86.ActiveCfg = Debug|Win32
		{4F593A15-BDA3-441E-9C6D-7DFFC41978C8}.Debug|x86.Build.0 = Debug|Win32
		{4F593A15-BDA3-441E-9C6D-7DFFC41978C8}.Release|x64.ActiveCfg = Release|x64
		{4F593A15-BDA3-441E-9C6D-7DFFC41978C8}.Release|x64.Build.0 = Release|x64
		{4F593A15-BDA3-441E-9C6D-7DFFC41978C8}.Release|x86.ActiveCfg = Release|Win32
		{4F593A15-BDA3-441E-9C6D-7DFFC41978C8}.Release|x86.Build.0 = Release|Win32
		{AA501AB0-9CA7-4191-8AEE-47E23C77A35F}.Debug|x64.ActiveCfg = Debug|x64
		{AA501AB0-9CA7-4191-8AEE-47E23C77A35F}.Debug|x64.Build.0 = Debug|x64
		{AA501AB0-9CA7-4191-8AEE-47E23C77A35F}.Debug|x86.ActiveCfg = Debug|Win32
		{AA501AB0-9CA7-4191-8AEE-47E23C77A35F}.Debug|x86.Build.0 = Debug|Win32
		{AA501AB0-9CA7-4191-8AEE-47E23C77A35F}.Release|x64.ActiveCfg = Release|x64
		{AA501AB0-9CA7-4191-8AEE-47E23C77A35F}.Release|x64.Build.0 = Release|x64
		{AA501AB0-9CA7-4191-8AEE-47E23C77A35F}.Release|x86.ActiveCfg = Release|Win32
		{AA501AB0-9CA7-4191-8AEE-47E23C77A35F}.Release|x86.Build.0 = Release|Win32
		{782EB4DE-17BB-403C-892E-16E566722E48}.Debug|x64.ActiveCfg = Debug|x64
		{782EB4DE-17BB-403C-892E-16E566722E48}.Debug|x64.Build.0 = Debug|x64
		{782EB4DE-17BB-403C-892E-16E566722E48}.Debug|x86.ActiveCfg = Debug|Win32
		{782EB4DE-17BB-403C-892E-16E566722E48}.Debug|x86.Build.0 = Debug|Win32
		{782EB4DE-17BB-403C-892E-16E566722E48}.Release|x64.ActiveCfg = Release|x64
		{782EB4DE-17BB-403C-892E-16E566722E48}.Release|x64.Build.0 = Release|x64
		{782EB4DE-17BB-403C-892E-16E566722E48}.Release|x86.ActiveCfg = Release|Win32
		{782EB4DE-17BB-403C-892E-16E566722E48}.Release|x86.Build.0 = Release|Win32
	EndGlobalSection
	GlobalSection(SolutionProperties) = preSolution
		HideSolutionNode = FALSE
	EndGlobalSection
	GlobalSection(ExtensibilityGlobals) = postSolution
		SolutionGuid = {F8DF74B1-2C44-48A4-9FA1-5B089881BABE}
	EndGlobalSection
EndGlobal
