
Microsoft Visual Studio Solution File, Format Version 12.00
# Visual Studio 15
VisualStudioVersion = 15.0.27703.2047
MinimumVisualStudioVersion = 10.0.40219.1
Project("{8BC9CEB8-8B4A-11D0-8D11-00A0C91BC942}") = "ExercicioDoisTriangulosPart1", "ExercicioDoisTriangulosPart1\ExercicioDoisTriangulosPart1.vcxproj", "{D2248C29-85CF-4C6B-92E4-65DFDC32CF41}"
EndProject
Project("{8BC9CEB8-8B4A-11D0-8D11-00A0C91BC942}") = "ExercicioDoisTriangulosPart2", "ExercicioDoisTriangulosPart2\ExercicioDoisTriangulosPart2.vcxproj", "{E712A155-A0F6-43E9-B880-319CF7617137}"
EndProject
Project("{8BC9CEB8-8B4A-11D0-8D11-00A0C91BC942}") = "ScreenSaver", "ScreenSaver\ScreenSaver.vcxproj", "{4F593A15-BDA3-441E-9C6D-7DFFC41978C8}"
EndProject
Project("{8BC9CEB8-8B4A-11D0-8D11-00A0C91BC942}") = "Cubo", "Cubo\Cubo.vcxproj", "{AA501AB0-9CA7-4191-8AEE-47E23C77A35F}"
EndProject
Project("{8BC9CEB8-8B4A-11D0-8D11-00A0C91BC942}") = "Exemplo01", "Exemplo01\Exemplo01.vcxproj", "{0EBCA802-6523-48CF-9117-51A650CD44B7}"
EndProject
Project("{8BC9CEB8-8B4A-11D0-8D11-00A0C91BC942}") = "Exemplo02", "Exemplo02\Exemplo02.vcxproj", "{282FB98B-531A-445D-ABA2-F61355ED9A58}"
EndProject
Project("{8BC9CEB8-8B4A-11D0-8D11-00A0C91BC942}") = "Exemplo03", "Exemplo03\Exemplo03.vcxproj", "{41483592-B008-4DE2-A7EB-5742FB112154}"
EndProject
Project("{8BC9CEB8-8B4A-11D0-8D11-00A0C91BC942}") = "Exemplo04", "Exemplo04\Exemplo04.vcxproj", "{2E3D7B46-DE63-4328-8F0C-94D3DCFC34F3}"
EndProject
Project("{8BC9CEB8-8B4A-11D0-8D11-00A0C91BC942}") = "Exemplo05", "Exemplo05\Exemplo05.vcxproj", "{D29F33EE-9824-4508-978F-9C078543E10E}"
EndProject
Project("{8BC9CEB8-8B4A-11D0-8D11-00A0C91BC942}") = "Exemplo06", "Exemplo06\Exemplo06.vcxproj", "{782EB4DE-17BB-403C-892E-16E566722E48}"
EndProject
Project("{8BC9CEB8-8B4A-11D0-8D11-00A0C91BC942}") = "Exemplo07", "Exemplo07\Exemplo07.vcxproj", "{3E7BE34E-00CF-4453-9607-BC8E28DFA6AF}"
EndProject
Project("{8BC9CEB8-8B4A-11D0-8D11-00A0C91BC942}") = "Exemplo08", "Exemplo08\Exemplo08.vcxproj", "{7F61F7CB-E060-429C-AFC1-FC5F36D2C3F1}"
EndProject
Project("{8BC9CEB8-8B4A-11D0-8D11-00A0C91BC942}") = "Exemplo09", "Exemplo09\Exemplo09.vcxproj", "{DB14990A-C01A-4FC1-9DDC-9B3085B41D9B}"
EndProject
Project("{8BC9CEB8-8B4A-11D0-8D11-00A0C91BC942}") = "Exemplo10", "Exemplo10\Exemplo10.vcxproj", "{946D4AC2-A02C-41C9-BDC2-ECE9AF6BFE5B}"
EndProject
Project("{8BC9CEB8-8B4A-11D0-8D11-00A0C91BC942}") = "Exemplo11", "Exemplo11\Exemplo11.vcxproj", "{774BCF45-6397-4EFF-9B62-CBD1F0432DEC}"
EndProject
Project("{8BC9CEB8-8B4A-11D0-8D11-00A0C91BC942}") = "Exemplo12", "Exemplo12\Exemplo12.vcxproj", "{217BA28F-A7FA-4CA3-99F6-0AF67B08E38F}"
EndProject
Project("{8BC9CEB8-8B4A-11D0-8D11-00A0C91BC942}") = "Exemplo13", "Exemplo13\Exemplo13.vcxproj", "{C469563A-1A2D-4086-9116-656F4193E485}"
EndProject
Project("{8BC9CEB8-8B4A-11D0-8D11-00A0C91BC942}") = "Exemplo14", "Exemplo14\Exemplo14.vcxproj", "{BE1934C3-68E4-483E-896D-A211D60E14EB}"
EndProject
Global
	GlobalSection(SolutionConfigurationPlatforms) = preSolution
		Debug|x64 = Debug|x64
		Debug|x86 = Debug|x86
		Release|x64 = Release|x64
		Release|x86 = Release|x86
	EndGlobalSection
	GlobalSection(ProjectConfigurationPlatforms) = postSolution
		{D2248C29-85CF-4C6B-92E4-65DFDC32CF41}.Debug|x64.ActiveCfg = Debug|x64
		{D2248C29-85CF-4C6B-92E4-65DFDC32CF41}.Debug|x64.Build.0 = Debug|x64
		{D2248C29-85CF-4C6B-92E4-65DFDC32CF41}.Debug|x86.ActiveCfg = Debug|Win32
		{D2248C29-85CF-4C6B-92E4-65DFDC32CF41}.Debug|x86.Build.0 = Debug|Win32
		{D2248C29-85CF-4C6B-92E4-65DFDC32CF41}.Release|x64.ActiveCfg = Release|x64
		{D2248C29-85CF-4C6B-92E4-65DFDC32CF41}.Release|x64.Build.0 = Release|x64
		{D2248C29-85CF-4C6B-92E4-65DFDC32CF41}.Release|x86.ActiveCfg = Release|Win32
		{D2248C29-85CF-4C6B-92E4-65DFDC32CF41}.Release|x86.Build.0 = Release|Win32
		{E712A155-A0F6-43E9-B880-319CF7617137}.Debug|x64.ActiveCfg = Debug|x64
		{E712A155-A0F6-43E9-B880-319CF7617137}.Debug|x64.Build.0 = Debug|x64
		{E712A155-A0F6-43E9-B880-319CF7617137}.Debug|x86.ActiveCfg = Debug|Win32
		{E712A155-A0F6-43E9-B880-319CF7617137}.Debug|x86.Build.0 = Debug|Win32
		{E712A155-A0F6-43E9-B880-319CF7617137}.Release|x64.ActiveCfg = Release|x64
		{E712A155-A0F6-43E9-B880-319CF7617137}.Release|x64.Build.0 = Release|x64
		{E712A155-A0F6-43E9-B880-319CF7617137}.Release|x86.ActiveCfg = Release|Win32
		{E712A155-A0F6-43E9-B880-319CF7617137}.Release|x86.Build.0 = Release|Win32
		{4F593A15-BDA3-441E-9C6D-7DFFC41978C8}.Debug|x64.ActiveCfg = Debug|x64
		{4F593A15-BDA3-441E-9C6D-7DFFC41978C8}.Debug|x64.Build.0 = Debug|x64
		{4F593A15-BDA3-441E-9C6D-7DFFC41978C8}.Debug|x86.ActiveCfg = Debug|Win32
		{4F593A15-BDA3-441E-9C6D-7DFFC41978C8}.Debug|x86.Build.0 = Debug|Win32
		{4F593A15-BDA3-441E-9C6D-7DFFC41978C8}.Release|x64.ActiveCfg = Release|x64
		{4F593A15-BDA3-441E-9C6D-7DFFC41978C8}.Release|x64.Build.0 = Release|x64
		{4F593A15-BDA3-441E-9C6D-7DFFC41978C8}.Release|x86.ActiveCfg = Release|Win32
		{4F593A15-BDA3-441E-9C6D-7DFFC41978C8}.Release|x86.Build.0 = Release|Win32
		{AA501AB0-9CA7-4191-8AEE-47E23C77A35F}.Debug|x64.ActiveCfg = Debug|x64
		{AA501AB0-9CA7-4191-8AEE-47E23C77A35F}.Debug|x64.Build.0 = Debug|x64
		{AA501AB0-9CA7-4191-8AEE-47E23C77A35F}.Debug|x86.ActiveCfg = Debug|Win32
		{AA501AB0-9CA7-4191-8AEE-47E23C77A35F}.Debug|x86.Build.0 = Debug|Win32
		{AA501AB0-9CA7-4191-8AEE-47E23C77A35F}.Release|x64.ActiveCfg = Release|x64
		{AA501AB0-9CA7-4191-8AEE-47E23C77A35F}.Release|x64.Build.0 = Release|x64
		{AA501AB0-9CA7-4191-8AEE-47E23C77A35F}.Release|x86.ActiveCfg = Release|Win32
		{AA501AB0-9CA7-4191-8AEE-47E23C77A35F}.Release|x86.Build.0 = Release|Win32
		{0EBCA802-6523-48CF-9117-51A650CD44B7}.Debug|x64.ActiveCfg = Debug|x64
		{0EBCA802-6523-48CF-9117-51A650CD44B7}.Debug|x64.Build.0 = Debug|x64
		{0EBCA802-6523-48CF-9117-51A650CD44B7}.Debug|x86.ActiveCfg = Debug|Win32
		{0EBCA802-6523-48CF-9117-51A650CD44B7}.Debug|x86.Build.0 = Debug|Win32
		{0EBCA802-6523-48CF-9117-51A650CD44B7}.Release|x64.ActiveCfg = Release|x64
		{0EBCA802-6523-48CF-9117-51A650CD44B7}.Release|x64.Build.0 = Release|x64
		{0EBCA802-6523-48CF-9117-51A650CD44B7}.Release|x86.ActiveCfg = Release|Win32
		{0EBCA802-6523-48CF-9117-51A650CD44B7}.Release|x86.Build.0 = Release|Win32
		{282FB98B-531A-445D-ABA2-F61355ED9A58}.Debug|x64.ActiveCfg = Debug|x64
		{282FB98B-531A-445D-ABA2-F61355ED9A58}.Debug|x64.Build.0 = Debug|x64
		{282FB98B-531A-445D-ABA2-F61355ED9A58}.Debug|x86.ActiveCfg = Debug|Win32
		{282FB98B-531A-445D-ABA2-F61355ED9A58}.Debug|x86.Build.0 = Debug|Win32
		{282FB98B-531A-445D-ABA2-F61355ED9A58}.Release|x64.ActiveCfg = Release|x64
		{282FB98B-531A-445D-ABA2-F61355ED9A58}.Release|x64.Build.0 = Release|x64
		{282FB98B-531A-445D-ABA2-F61355ED9A58}.Release|x86.ActiveCfg = Release|Win32
		{282FB98B-531A-445D-ABA2-F61355ED9A58}.Release|x86.Build.0 = Release|Win32
		{41483592-B008-4DE2-A7EB-5742FB112154}.Debug|x64.ActiveCfg = Debug|x64
		{41483592-B008-4DE2-A7EB-5742FB112154}.Debug|x64.Build.0 = Debug|x64
		{41483592-B008-4DE2-A7EB-5742FB112154}.Debug|x86.ActiveCfg = Debug|Win32
		{41483592-B008-4DE2-A7EB-5742FB112154}.Debug|x86.Build.0 = Debug|Win32
		{41483592-B008-4DE2-A7EB-5742FB112154}.Release|x64.ActiveCfg = Release|x64
		{41483592-B008-4DE2-A7EB-5742FB112154}.Release|x64.Build.0 = Release|x64
		{41483592-B008-4DE2-A7EB-5742FB112154}.Release|x86.ActiveCfg = Release|Win32
		{41483592-B008-4DE2-A7EB-5742FB112154}.Release|x86.Build.0 = Release|Win32
		{2E3D7B46-DE63-4328-8F0C-94D3DCFC34F3}.Debug|x64.ActiveCfg = Debug|x64
		{2E3D7B46-DE63-4328-8F0C-94D3DCFC34F3}.Debug|x64.Build.0 = Debug|x64
		{2E3D7B46-DE63-4328-8F0C-94D3DCFC34F3}.Debug|x86.ActiveCfg = Debug|Win32
		{2E3D7B46-DE63-4328-8F0C-94D3DCFC34F3}.Debug|x86.Build.0 = Debug|Win32
		{2E3D7B46-DE63-4328-8F0C-94D3DCFC34F3}.Release|x64.ActiveCfg = Release|x64
		{2E3D7B46-DE63-4328-8F0C-94D3DCFC34F3}.Release|x64.Build.0 = Release|x64
		{2E3D7B46-DE63-4328-8F0C-94D3DCFC34F3}.Release|x86.ActiveCfg = Release|Win32
		{2E3D7B46-DE63-4328-8F0C-94D3DCFC34F3}.Release|x86.Build.0 = Release|Win32
		{D29F33EE-9824-4508-978F-9C078543E10E}.Debug|x64.ActiveCfg = Debug|x64
		{D29F33EE-9824-4508-978F-9C078543E10E}.Debug|x64.Build.0 = Debug|x64
		{D29F33EE-9824-4508-978F-9C078543E10E}.Debug|x86.ActiveCfg = Debug|Win32
		{D29F33EE-9824-4508-978F-9C078543E10E}.Debug|x86.Build.0 = Debug|Win32
		{D29F33EE-9824-4508-978F-9C078543E10E}.Release|x64.ActiveCfg = Release|x64
		{D29F33EE-9824-4508-978F-9C078543E10E}.Release|x64.Build.0 = Release|x64
		{D29F33EE-9824-4508-978F-9C078543E10E}.Release|x86.ActiveCfg = Release|Win32
		{D29F33EE-9824-4508-978F-9C078543E10E}.Release|x86.Build.0 = Release|Win32
		{782EB4DE-17BB-403C-892E-16E566722E48}.Debug|x64.ActiveCfg = Debug|x64
		{782EB4DE-17BB-403C-892E-16E566722E48}.Debug|x64.Build.0 = Debug|x64
		{782EB4DE-17BB-403C-892E-16E566722E48}.Debug|x86.ActiveCfg = Debug|Win32
		{782EB4DE-17BB-403C-892E-16E566722E48}.Debug|x86.Build.0 = Debug|Win32
		{782EB4DE-17BB-403C-892E-16E566722E48}.Release|x64.ActiveCfg = Release|x64
		{782EB4DE-17BB-403C-892E-16E566722E48}.Release|x64.Build.0 = Release|x64
		{782EB4DE-17BB-403C-892E-16E566722E48}.Release|x86.ActiveCfg = Release|Win32
		{782EB4DE-17BB-403C-892E-16E566722E48}.Release|x86.Build.0 = Release|Win32
		{3E7BE34E-00CF-4453-9607-BC8E28DFA6AF}.Debug|x64.ActiveCfg = Debug|x64
		{3E7BE34E-00CF-4453-9607-BC8E28DFA6AF}.Debug|x64.Build.0 = Debug|x64
		{3E7BE34E-00CF-4453-9607-BC8E28DFA6AF}.Debug|x86.ActiveCfg = Debug|Win32
		{3E7BE34E-00CF-4453-9607-BC8E28DFA6AF}.Debug|x86.Build.0 = Debug|Win32
		{3E7BE34E-00CF-4453-9607-BC8E28DFA6AF}.Release|x64.ActiveCfg = Release|x64
		{3E7BE34E-00CF-4453-9607-BC8E28DFA6AF}.Release|x64.Build.0 = Release|x64
		{3E7BE34E-00CF-4453-9607-BC8E28DFA6AF}.Release|x86.ActiveCfg = Release|Win32
		{3E7BE34E-00CF-4453-9607-BC8E28DFA6AF}.Release|x86.Build.0 = Release|Win32
		{7F61F7CB-E060-429C-AFC1-FC5F36D2C3F1}.Debug|x64.ActiveCfg = Debug|x64
		{7F61F7CB-E060-429C-AFC1-FC5F36D2C3F1}.Debug|x64.Build.0 = Debug|x64
		{7F61F7CB-E060-429C-AFC1-FC5F36D2C3F1}.Debug|x86.ActiveCfg = Debug|Win32
		{7F61F7CB-E060-429C-AFC1-FC5F36D2C3F1}.Debug|x86.Build.0 = Debug|Win32
		{7F61F7CB-E060-429C-AFC1-FC5F36D2C3F1}.Release|x64.ActiveCfg = Release|x64
		{7F61F7CB-E060-429C-AFC1-FC5F36D2C3F1}.Release|x64.Build.0 = Release|x64
		{7F61F7CB-E060-429C-AFC1-FC5F36D2C3F1}.Release|x86.ActiveCfg = Release|Win32
		{7F61F7CB-E060-429C-AFC1-FC5F36D2C3F1}.Release|x86.Build.0 = Release|Win32
		{DB14990A-C01A-4FC1-9DDC-9B3085B41D9B}.Debug|x64.ActiveCfg = Debug|x64
		{DB14990A-C01A-4FC1-9DDC-9B3085B41D9B}.Debug|x64.Build.0 = Debug|x64
		{DB14990A-C01A-4FC1-9DDC-9B3085B41D9B}.Debug|x86.ActiveCfg = Debug|Win32
		{DB14990A-C01A-4FC1-9DDC-9B3085B41D9B}.Debug|x86.Build.0 = Debug|Win32
		{DB14990A-C01A-4FC1-9DDC-9B3085B41D9B}.Release|x64.ActiveCfg = Release|x64
		{DB14990A-C01A-4FC1-9DDC-9B3085B41D9B}.Release|x64.Build.0 = Release|x64
		{DB14990A-C01A-4FC1-9DDC-9B3085B41D9B}.Release|x86.ActiveCfg = Release|Win32
		{DB14990A-C01A-4FC1-9DDC-9B3085B41D9B}.Release|x86.Build.0 = Release|Win32
		{946D4AC2-A02C-41C9-BDC2-ECE9AF6BFE5B}.Debug|x64.ActiveCfg = Debug|x64
		{946D4AC2-A02C-41C9-BDC2-ECE9AF6BFE5B}.Debug|x64.Build.0 = Debug|x64
		{946D4AC2-A02C-41C9-BDC2-ECE9AF6BFE5B}.Debug|x86.ActiveCfg = Debug|Win32
		{946D4AC2-A02C-41C9-BDC2-ECE9AF6BFE5B}.Debug|x86.Build.0 = Debug|Win32
		{946D4AC2-A02C-41C9-BDC2-ECE9AF6BFE5B}.Release|x64.ActiveCfg = Release|x64
		{946D4AC2-A02C-41C9-BDC2-ECE9AF6BFE5B}.Release|x64.Build.0 = Release|x64
		{946D4AC2-A02C-41C9-BDC2-ECE9AF6BFE5B}.Release|x86.ActiveCfg = Release|Win32
		{946D4AC2-A02C-41C9-BDC2-ECE9AF6BFE5B}.Release|x86.Build.0 = Release|Win32
		{774BCF45-6397-4EFF-9B62-CBD1F0432DEC}.Debug|x64.ActiveCfg = Debug|x64
		{774BCF45-6397-4EFF-9B62-CBD1F0432DEC}.Debug|x64.Build.0 = Debug|x64
		{774BCF45-6397-4EFF-9B62-CBD1F0432DEC}.Debug|x86.ActiveCfg = Debug|Win32
		{774BCF45-6397-4EFF-9B62-CBD1F0432DEC}.Debug|x86.Build.0 = Debug|Win32
		{774BCF45-6397-4EFF-9B62-CBD1F0432DEC}.Release|x64.ActiveCfg = Release|x64
		{774BCF45-6397-4EFF-9B62-CBD1F0432DEC}.Release|x64.Build.0 = Release|x64
		{774BCF45-6397-4EFF-9B62-CBD1F0432DEC}.Release|x86.ActiveCfg = Release|Win32
		{774BCF45-6397-4EFF-9B62-CBD1F0432DEC}.Release|x86.Build.0 = Release|Win32
		{217BA28F-A7FA-4CA3-99F6-0AF67B08E38F}.Debug|x64.ActiveCfg = Debug|x64
		{217BA28F-A7FA-4CA3-99F6-0AF67B08E38F}.Debug|x64.Build.0 = Debug|x64
		{217BA28F-A7FA-4CA3-99F6-0AF67B08E38F}.Debug|x86.ActiveCfg = Debug|Win32
		{217BA28F-A7FA-4CA3-99F6-0AF67B08E38F}.Debug|x86.Build.0 = Debug|Win32
		{217BA28F-A7FA-4CA3-99F6-0AF67B08E38F}.Release|x64.ActiveCfg = Release|x64
		{217BA28F-A7FA-4CA3-99F6-0AF67B08E38F}.Release|x64.Build.0 = Release|x64
		{217BA28F-A7FA-4CA3-99F6-0AF67B08E38F}.Release|x86.ActiveCfg = Release|Win32
		{217BA28F-A7FA-4CA3-99F6-0AF67B08E38F}.Release|x86.Build.0 = Release|Win32
		{C469563A-1A2D-4086-9116-656F4193E485}.Debug|x64.ActiveCfg = Debug|x64
		{C469563A-1A2D-4086-9116-656F4193E485}.Debug|x64.Build.0 = Debug|x64
		{C469563A-1A2D-4086-9116-656F4193E485}.Debug|x86.ActiveCfg = Debug|Win32
		{C469563A-1A2D-4086-9116-656F4193E485}.Debug|x86.Build.0 = Debug|Win32
		{C469563A-1A2D-4086-9116-656F4193E485}.Release|x64.ActiveCfg = Release|x64
		{C469563A-1A2D-4086-9116-656F4193E485}.Release|x64.Build.0 = Release|x64
		{C469563A-1A2D-4086-9116-656F4193E485}.Release|x86.ActiveCfg = Release|Win32
		{C469563A-1A2D-4086-9116-656F4193E485}.Release|x86.Build.0 = Release|Win32
		{BE1934C3-68E4-483E-896D-A211D60E14EB}.Debug|x64.ActiveCfg = Debug|x64
		{BE1934C3-68E4-483E-896D-A211D60E14EB}.Debug|x64.Build.0 = Debug|x64
		{BE1934C3-68E4-483E-896D-A211D60E14EB}.Debug|x86.ActiveCfg = Debug|Win32
		{BE1934C3-68E4-483E-896D-A211D60E14EB}.Debug|x86.Build.0 = Debug|Win32
		{BE1934C3-68E4-483E-896D-A211D60E14EB}.Release|x64.ActiveCfg = Release|x64
		{BE1934C3-68E4-483E-896D-A211D60E14EB}.Release|x64.Build.0 = Release|x64
		{BE1934C3-68E4-483E-896D-A211D60E14EB}.Release|x86.ActiveCfg = Release|Win32
		{BE1934C3-68E4-483E-896D-A211D60E14EB}.Release|x86.Build.0 = Release|Win32
	EndGlobalSection
	GlobalSection(SolutionProperties) = preSolution
		HideSolutionNode = FALSE
	EndGlobalSection
	GlobalSection(ExtensibilityGlobals) = postSolution
		SolutionGuid = {F8DF74B1-2C44-48A4-9FA1-5B089881BABE}
	EndGlobalSection
EndGlobal
